{
  "originHash" : "a77077540f79d0f92bdf5bd30bc1ecaa3086bdee5babfdee92a7abe27c153d58",
  "pins" : [
    {
      "identity" : "ios-full-sdk",
      "kind" : "remoteSourceControl",
      "location" : "https://github.com/BKMExpress/iOS-Full-SDK.git",
      "state" : {
        "branch" : "main",
        "revision" : "1631167735f63122dd6d0ee167fca2ab3fdf4000"
      }
    }
  ],
  "version" : 3
}
